{
  "name": "ledrun",
  "version": "1.0.1",
  "lockfileVersion": 1,
  "requires": true,
  "dependencies": {
    "bindings": {
      "version": "https://registry.npmjs.org/bindings/-/bindings-1.2.1.tgz",
      "integrity": "sha1-FK1hE4EtLTfXLme0ystLtyZQXxE="
    },
    "nan": {
      "version": "https://registry.npmjs.org/nan/-/nan-2.4.0.tgz",
      "integrity": "sha1-+zxZ1F/k7/4hXwuJD4rfbrMtIjI="
    },
    "pigpio": {
      "version": "https://registry.npmjs.org/pigpio/-/pigpio-0.4.0.tgz",
      "integrity": "sha1-EfvLRReYDKG4JS6+Iffbb36mVbk=",
      "requires": {
        "bindings": "https://registry.npmjs.org/bindings/-/bindings-1.2.1.tgz",
        "nan": "https://registry.npmjs.org/nan/-/nan-2.4.0.tgz"
      }
    },
    "pigpio-mock": {
      "version": "0.0.1",
      "resolved": "https://registry.npmjs.org/pigpio-mock/-/pigpio-mock-0.0.1.tgz",
      "integrity": "sha1-Xls/10mHtr/MZTst4SGa6ruw3Lg="
    }
  }
}
